
Microsoft Visual Studio Solution File, Format Version 12.00
# Visual Studio 15
VisualStudioVersion = 15.0.26730.16
MinimumVisualStudioVersion = 10.0.40219.1
Project("{FAE04EC0-301F-11D3-BF4B-00C04F79EFBC}") = "QLearningMinesAndGold.GUI", "WindowsFormsApp1\QLearningMinesAndGold.GUI.csproj", "{A53C4C75-1C4D-4E71-880D-47C4BA90C2F9}"
EndProject
Global
	GlobalSection(SolutionConfigurationPlatforms) = preSolution
		Debug|Any CPU = Debug|Any CPU
		Release|Any CPU = Release|Any CPU
	EndGlobalSection
	GlobalSection(ProjectConfigurationPlatforms) = postSolution
		{A53C4C75-1C4D-4E71-880D-47C4BA90C2F9}.Debug|Any CPU.ActiveCfg = Debug|Any CPU
		{A53C4C75-1C4D-4E71-880D-47C4BA90C2F9}.Debug|Any CPU.Build.0 = Debug|Any CPU
		{A53C4C75-1C4D-4E71-880D-47C4BA90C2F9}.Release|Any CPU.ActiveCfg = Release|Any CPU
		{A53C4C75-1C4D-4E71-880D-47C4BA90C2F9}.Release|Any CPU.Build.0 = Release|Any CPU
	EndGlobalSection
	GlobalSection(SolutionProperties) = preSolution
		HideSolutionNode = FALSE
	EndGlobalSection
	GlobalSection(ExtensibilityGlobals) = postSolution
		SolutionGuid = {F3EBF3EB-3720-41A2-B0A0-FD5E1C2C0BD5}
	EndGlobalSection
EndGlobal
